// !$*UTF8*$!
{
	archiveVersion = 1;
	classes = {
	};
	objectVersion = 46;
	objects = {

/* Begin PBXBuildFile section */
		E05620CF18A15BAC008C94B0 /* radar.png in Resources */ = {isa = PBXBuildFile; fileRef = E05620CD18A15BAC008C94B0 /* radar.png */; };
		E05620D018A15BAC008C94B0 /* bag.png in Resources */ = {isa = PBXBuildFile; fileRef = E05620CE18A15BAC008C94B0 /* bag.png */; };
		E05620D318A15D50008C94B0 /* splash35.png in Resources */ = {isa = PBXBuildFile; fileRef = E05620D118A15D50008C94B0 /* splash35.png */; };
		E05620D618A15DC9008C94B0 /* splash4.png in Resources */ = {isa = PBXBuildFile; fileRef = E05620D518A15DC9008C94B0 /* splash4.png */; };
		E05EE9F11897DAC500366913 /* Foundation.framework in Frameworks */ = {isa = PBXBuildFile; fileRef = E05EE9F01897DAC500366913 /* Foundation.framework */; };
		E05EE9F31897DAC500366913 /* CoreGraphics.framework in Frameworks */ = {isa = PBXBuildFile; fileRef = E05EE9F21897DAC500366913 /* CoreGraphics.framework */; };
		E05EE9F51897DAC500366913 /* UIKit.framework in Frameworks */ = {isa = PBXBuildFile; fileRef = E05EE9F41897DAC500366913 /* UIKit.framework */; };
		E05EE9FB1897DAC500366913 /* InfoPlist.strings in Resources */ = {isa = PBXBuildFile; fileRef = E05EE9F91897DAC500366913 /* InfoPlist.strings */; };
		E05EE9FD1897DAC500366913 /* main.m in Sources */ = {isa = PBXBuildFile; fileRef = E05EE9FC1897DAC500366913 /* main.m */; };
		E05EEA011897DAC500366913 /* MHJAppDelegate.m in Sources */ = {isa = PBXBuildFile; fileRef = E05EEA001897DAC500366913 /* MHJAppDelegate.m */; };
		E05EEA041897DAC500366913 /* Main_iPhone.storyboard in Resources */ = {isa = PBXBuildFile; fileRef = E05EEA021897DAC500366913 /* Main_iPhone.storyboard */; };
		E05EEA071897DAC500366913 /* Main_iPad.storyboard in Resources */ = {isa = PBXBuildFile; fileRef = E05EEA051897DAC500366913 /* Main_iPad.storyboard */; };
		E05EEA131897DAC500366913 /* XCTest.framework in Frameworks */ = {isa = PBXBuildFile; fileRef = E05EEA121897DAC500366913 /* XCTest.framework */; };
		E05EEA141897DAC500366913 /* Foundation.framework in Frameworks */ = {isa = PBXBuildFile; fileRef = E05EE9F01897DAC500366913 /* Foundation.framework */; };
		E05EEA151897DAC500366913 /* UIKit.framework in Frameworks */ = {isa = PBXBuildFile; fileRef = E05EE9F41897DAC500366913 /* UIKit.framework */; };
		E05EEA1D1897DAC600366913 /* InfoPlist.strings in Resources */ = {isa = PBXBuildFile; fileRef = E05EEA1B1897DAC600366913 /* InfoPlist.strings */; };
		E05EEA1F1897DAC600366913 /* FindMeTests.m in Sources */ = {isa = PBXBuildFile; fileRef = E05EEA1E1897DAC600366913 /* FindMeTests.m */; };
		E05EEA2D1897DD2F00366913 /* MHJBeacon.m in Sources */ = {isa = PBXBuildFile; fileRef = E05EEA2C1897DD2F00366913 /* MHJBeacon.m */; };
		E05EEA311897E16400366913 /* MHJBeaconFinderVC.m in Sources */ = {isa = PBXBuildFile; fileRef = E05EEA301897E16400366913 /* MHJBeaconFinderVC.m */; };
		E05EEA331897E1AA00366913 /* CoreLocation.framework in Frameworks */ = {isa = PBXBuildFile; fileRef = E05EEA321897E1AA00366913 /* CoreLocation.framework */; };
		E0BE076618982167004D7335 /* MHJRobberVC.m in Sources */ = {isa = PBXBuildFile; fileRef = E0BE076518982167004D7335 /* MHJRobberVC.m */; };
		E0BE07681898240C004D7335 /* CoreBluetooth.framework in Frameworks */ = {isa = PBXBuildFile; fileRef = E0BE07671898240C004D7335 /* CoreBluetooth.framework */; };
		E0BE076B189840EF004D7335 /* iPhone.png in Resources */ = {isa = PBXBuildFile; fileRef = E0BE076A189840EF004D7335 /* iPhone.png */; };
		E0BE076D189856AE004D7335 /* Media.xcassets in Resources */ = {isa = PBXBuildFile; fileRef = E0BE076C189856AE004D7335 /* Media.xcassets */; };
		E0BE076F1898581A004D7335 /* Default-568h@2x.png in Resources */ = {isa = PBXBuildFile; fileRef = E0BE076E1898581A004D7335 /* Default-568h@2x.png */; };
		E0CEE726189FFC2100F430FD /* cop.png in Resources */ = {isa = PBXBuildFile; fileRef = E0CEE722189FFC2100F430FD /* cop.png */; };
		E0CEE727189FFC2100F430FD /* bag 1.png in Resources */ = {isa = PBXBuildFile; fileRef = E0CEE723189FFC2100F430FD /* bag 1.png */; };
		E0CEE728189FFC2100F430FD /* cop@2x.png in Resources */ = {isa = PBXBuildFile; fileRef = E0CEE724189FFC2100F430FD /* cop@2x.png */; };
		E0D266171897FA7300953CC5 /* MHJCopRadarVC.m in Sources */ = {isa = PBXBuildFile; fileRef = E0D266161897FA7300953CC5 /* MHJCopRadarVC.m */; };
		E0D2661B1897FAC900953CC5 /* MHJBeaconCell.m in Sources */ = {isa = PBXBuildFile; fileRef = E0D2661A1897FAC900953CC5 /* MHJBeaconCell.m */; };
		E0D2661F1897FEEB00953CC5 /* MHJMainVC.m in Sources */ = {isa = PBXBuildFile; fileRef = E0D2661E1897FEEB00953CC5 /* MHJMainVC.m */; };
/* End PBXBuildFile section */

/* Begin PBXContainerItemProxy section */
		E05EEA161897DAC600366913 /* PBXContainerItemProxy */ = {
			isa = PBXContainerItemProxy;
			containerPortal = E05EE9E51897DAC500366913 /* Project object */;
			proxyType = 1;
			remoteGlobalIDString = E05EE9EC1897DAC500366913;
			remoteInfo = FindMe;
		};
/* End PBXContainerItemProxy section */

/* Begin PBXFileReference section */
		E05620CD18A15BAC008C94B0 /* radar.png */ = {isa = PBXFileReference; lastKnownFileType = image.png; path = radar.png; sourceTree = "<group>"; };
		E05620CE18A15BAC008C94B0 /* bag.png */ = {isa = PBXFileReference; lastKnownFileType = image.png; path = bag.png; sourceTree = "<group>"; };
		E05620D118A15D50008C94B0 /* splash35.png */ = {isa = PBXFileReference; lastKnownFileType = image.png; path = splash35.png; sourceTree = "<group>"; };
		E05620D518A15DC9008C94B0 /* splash4.png */ = {isa = PBXFileReference; lastKnownFileType = image.png; path = splash4.png; sourceTree = "<group>"; };
		E05EE9ED1897DAC500366913 /* FindMe.app */ = {isa = PBXFileReference; explicitFileType = wrapper.application; includeInIndex = 0; path = FindMe.app; sourceTree = BUILT_PRODUCTS_DIR; };
		E05EE9F01897DAC500366913 /* Foundation.framework */ = {isa = PBXFileReference; lastKnownFileType = wrapper.framework; name = Foundation.framework; path = System/Library/Frameworks/Foundation.framework; sourceTree = SDKROOT; };
		E05EE9F21897DAC500366913 /* CoreGraphics.framework */ = {isa = PBXFileReference; lastKnownFileType = wrapper.framework; name = CoreGraphics.framework; path = System/Library/Frameworks/CoreGraphics.framework; sourceTree = SDKROOT; };
		E05EE9F41897DAC500366913 /* UIKit.framework */ = {isa = PBXFileReference; lastKnownFileType = wrapper.framework; name = UIKit.framework; path = System/Library/Frameworks/UIKit.framework; sourceTree = SDKROOT; };
		E05EE9F81897DAC500366913 /* FindMe-Info.plist */ = {isa = PBXFileReference; lastKnownFileType = text.plist.xml; path = "FindMe-Info.plist"; sourceTree = "<group>"; };
		E05EE9FA1897DAC500366913 /* en */ = {isa = PBXFileReference; lastKnownFileType = text.plist.strings; name = en; path = en.lproj/InfoPlist.strings; sourceTree = "<group>"; };
		E05EE9FC1897DAC500366913 /* main.m */ = {isa = PBXFileReference; lastKnownFileType = sourcecode.c.objc; path = main.m; sourceTree = "<group>"; };
		E05EE9FE1897DAC500366913 /* FindMe-Prefix.pch */ = {isa = PBXFileReference; lastKnownFileType = sourcecode.c.h; path = "FindMe-Prefix.pch"; sourceTree = "<group>"; };
		E05EE9FF1897DAC500366913 /* MHJAppDelegate.h */ = {isa = PBXFileReference; lastKnownFileType = sourcecode.c.h; path = MHJAppDelegate.h; sourceTree = "<group>"; };
		E05EEA001897DAC500366913 /* MHJAppDelegate.m */ = {isa = PBXFileReference; lastKnownFileType = sourcecode.c.objc; path = MHJAppDelegate.m; sourceTree = "<group>"; };
		E05EEA031897DAC500366913 /* Base */ = {isa = PBXFileReference; lastKnownFileType = file.storyboard; name = Base; path = Base.lproj/Main_iPhone.storyboard; sourceTree = "<group>"; };
		E05EEA061897DAC500366913 /* Base */ = {isa = PBXFileReference; lastKnownFileType = file.storyboard; name = Base; path = Base.lproj/Main_iPad.storyboard; sourceTree = "<group>"; };
		E05EEA111897DAC500366913 /* FindMeTests.xctest */ = {isa = PBXFileReference; explicitFileType = wrapper.cfbundle; includeInIndex = 0; path = FindMeTests.xctest; sourceTree = BUILT_PRODUCTS_DIR; };
		E05EEA121897DAC500366913 /* XCTest.framework */ = {isa = PBXFileReference; lastKnownFileType = wrapper.framework; name = XCTest.framework; path = Library/Frameworks/XCTest.framework; sourceTree = DEVELOPER_DIR; };
		E05EEA1A1897DAC600366913 /* FindMeTests-Info.plist */ = {isa = PBXFileReference; lastKnownFileType = text.plist.xml; path = "FindMeTests-Info.plist"; sourceTree = "<group>"; };
		E05EEA1C1897DAC600366913 /* en */ = {isa = PBXFileReference; lastKnownFileType = text.plist.strings; name = en; path = en.lproj/InfoPlist.strings; sourceTree = "<group>"; };
		E05EEA1E1897DAC600366913 /* FindMeTests.m */ = {isa = PBXFileReference; lastKnownFileType = sourcecode.c.objc; path = FindMeTests.m; sourceTree = "<group>"; };
		E05EEA2B1897DD2F00366913 /* MHJBeacon.h */ = {isa = PBXFileReference; fileEncoding = 4; lastKnownFileType = sourcecode.c.h; name = MHJBeacon.h; path = Model/MHJBeacon.h; sourceTree = "<group>"; };
		E05EEA2C1897DD2F00366913 /* MHJBeacon.m */ = {isa = PBXFileReference; fileEncoding = 4; lastKnownFileType = sourcecode.c.objc; name = MHJBeacon.m; path = Model/MHJBeacon.m; sourceTree = "<group>"; };
		E05EEA2F1897E16400366913 /* MHJBeaconFinderVC.h */ = {isa = PBXFileReference; fileEncoding = 4; lastKnownFileType = sourcecode.c.h; name = MHJBeaconFinderVC.h; path = Controller/MHJBeaconFinderVC.h; sourceTree = "<group>"; };
		E05EEA301897E16400366913 /* MHJBeaconFinderVC.m */ = {isa = PBXFileReference; fileEncoding = 4; lastKnownFileType = sourcecode.c.objc; name = MHJBeaconFinderVC.m; path = Controller/MHJBeaconFinderVC.m; sourceTree = "<group>"; };
		E05EEA321897E1AA00366913 /* CoreLocation.framework */ = {isa = PBXFileReference; lastKnownFileType = wrapper.framework; name = CoreLocation.framework; path = System/Library/Frameworks/CoreLocation.framework; sourceTree = SDKROOT; };
		E0BE076418982167004D7335 /* MHJRobberVC.h */ = {isa = PBXFileReference; fileEncoding = 4; lastKnownFileType = sourcecode.c.h; name = MHJRobberVC.h; path = Controller/MHJRobberVC.h; sourceTree = "<group>"; };
		E0BE076518982167004D7335 /* MHJRobberVC.m */ = {isa = PBXFileReference; fileEncoding = 4; lastKnownFileType = sourcecode.c.objc; name = MHJRobberVC.m; path = Controller/MHJRobberVC.m; sourceTree = "<group>"; };
		E0BE07671898240C004D7335 /* CoreBluetooth.framework */ = {isa = PBXFileReference; lastKnownFileType = wrapper.framework; name = CoreBluetooth.framework; path = System/Library/Frameworks/CoreBluetooth.framework; sourceTree = SDKROOT; };
		E0BE076A189840EF004D7335 /* iPhone.png */ = {isa = PBXFileReference; lastKnownFileType = image.png; path = iPhone.png; sourceTree = "<group>"; };
		E0BE076C189856AE004D7335 /* Media.xcassets */ = {isa = PBXFileReference; lastKnownFileType = folder.assetcatalog; path = Media.xcassets; sourceTree = "<group>"; };
		E0BE076E1898581A004D7335 /* Default-568h@2x.png */ = {isa = PBXFileReference; lastKnownFileType = image.png; name = "Default-568h@2x.png"; path = "../Default-568h@2x.png"; sourceTree = "<group>"; };
		E0CEE722189FFC2100F430FD /* cop.png */ = {isa = PBXFileReference; lastKnownFileType = image.png; path = cop.png; sourceTree = "<group>"; };
		E0CEE723189FFC2100F430FD /* bag 1.png */ = {isa = PBXFileReference; lastKnownFileType = image.png; path = "bag 1.png"; sourceTree = "<group>"; };
		E0CEE724189FFC2100F430FD /* cop@2x.png */ = {isa = PBXFileReference; lastKnownFileType = image.png; path = "cop@2x.png"; sourceTree = "<group>"; };
		E0D266151897FA7300953CC5 /* MHJCopRadarVC.h */ = {isa = PBXFileReference; fileEncoding = 4; lastKnownFileType = sourcecode.c.h; name = MHJCopRadarVC.h; path = Controller/MHJCopRadarVC.h; sourceTree = "<group>"; };
		E0D266161897FA7300953CC5 /* MHJCopRadarVC.m */ = {isa = PBXFileReference; fileEncoding = 4; lastKnownFileType = sourcecode.c.objc; name = MHJCopRadarVC.m; path = Controller/MHJCopRadarVC.m; sourceTree = "<group>"; };
		E0D266191897FAC900953CC5 /* MHJBeaconCell.h */ = {isa = PBXFileReference; fileEncoding = 4; lastKnownFileType = sourcecode.c.h; name = MHJBeaconCell.h; path = View/MHJBeaconCell.h; sourceTree = "<group>"; };
		E0D2661A1897FAC900953CC5 /* MHJBeaconCell.m */ = {isa = PBXFileReference; fileEncoding = 4; lastKnownFileType = sourcecode.c.objc; name = MHJBeaconCell.m; path = View/MHJBeaconCell.m; sourceTree = "<group>"; };
		E0D2661D1897FEEB00953CC5 /* MHJMainVC.h */ = {isa = PBXFileReference; fileEncoding = 4; lastKnownFileType = sourcecode.c.h; name = MHJMainVC.h; path = Controller/MHJMainVC.h; sourceTree = "<group>"; };
		E0D2661E1897FEEB00953CC5 /* MHJMainVC.m */ = {isa = PBXFileReference; fileEncoding = 4; lastKnownFileType = sourcecode.c.objc; name = MHJMainVC.m; path = Controller/MHJMainVC.m; sourceTree = "<group>"; };
/* End PBXFileReference section */

/* Begin PBXFrameworksBuildPhase section */
		E05EE9EA1897DAC500366913 /* Frameworks */ = {
			isa = PBXFrameworksBuildPhase;
			buildActionMask = 2147483647;
			files = (
				E0BE07681898240C004D7335 /* CoreBluetooth.framework in Frameworks */,
				E05EEA331897E1AA00366913 /* CoreLocation.framework in Frameworks */,
				E05EE9F31897DAC500366913 /* CoreGraphics.framework in Frameworks */,
				E05EE9F51897DAC500366913 /* UIKit.framework in Frameworks */,
				E05EE9F11897DAC500366913 /* Foundation.framework in Frameworks */,
			);
			runOnlyForDeploymentPostprocessing = 0;
		};
		E05EEA0E1897DAC500366913 /* Frameworks */ = {
			isa = PBXFrameworksBuildPhase;
			buildActionMask = 2147483647;
			files = (
				E05EEA131897DAC500366913 /* XCTest.framework in Frameworks */,
				E05EEA151897DAC500366913 /* UIKit.framework in Frameworks */,
				E05EEA141897DAC500366913 /* Foundation.framework in Frameworks */,
			);
			runOnlyForDeploymentPostprocessing = 0;
		};
/* End PBXFrameworksBuildPhase section */

/* Begin PBXGroup section */
		E05EE9E41897DAC500366913 = {
			isa = PBXGroup;
			children = (
				E05EE9F61897DAC500366913 /* FindMe */,
				E05EEA181897DAC600366913 /* FindMeTests */,
				E05EE9EF1897DAC500366913 /* Frameworks */,
				E05EE9EE1897DAC500366913 /* Products */,
			);
			sourceTree = "<group>";
		};
		E05EE9EE1897DAC500366913 /* Products */ = {
			isa = PBXGroup;
			children = (
				E05EE9ED1897DAC500366913 /* FindMe.app */,
				E05EEA111897DAC500366913 /* FindMeTests.xctest */,
			);
			name = Products;
			sourceTree = "<group>";
		};
		E05EE9EF1897DAC500366913 /* Frameworks */ = {
			isa = PBXGroup;
			children = (
				E0BE07671898240C004D7335 /* CoreBluetooth.framework */,
				E05EEA321897E1AA00366913 /* CoreLocation.framework */,
				E05EE9F01897DAC500366913 /* Foundation.framework */,
				E05EE9F21897DAC500366913 /* CoreGraphics.framework */,
				E05EE9F41897DAC500366913 /* UIKit.framework */,
				E05EEA121897DAC500366913 /* XCTest.framework */,
			);
			name = Frameworks;
			sourceTree = "<group>";
		};
		E05EE9F61897DAC500366913 /* FindMe */ = {
			isa = PBXGroup;
			children = (
				E05EEA281897DB0C00366913 /* Model */,
				E05EEA291897DB1300366913 /* Controller */,
				E05EEA2A1897DB2300366913 /* View */,
				E05EEA2E1897DFEC00366913 /* App */,
				E05EE9F71897DAC500366913 /* Supporting Files */,
			);
			path = FindMe;
			sourceTree = "<group>";
		};
		E05EE9F71897DAC500366913 /* Supporting Files */ = {
			isa = PBXGroup;
			children = (
				E0BE076C189856AE004D7335 /* Media.xcassets */,
				E0BE076E1898581A004D7335 /* Default-568h@2x.png */,
				E05620D118A15D50008C94B0 /* splash35.png */,
				E05620D518A15DC9008C94B0 /* splash4.png */,
				E0BE0769189840DE004D7335 /* Images */,
				E05EE9F81897DAC500366913 /* FindMe-Info.plist */,
				E05EE9F91897DAC500366913 /* InfoPlist.strings */,
				E05EE9FC1897DAC500366913 /* main.m */,
				E05EE9FE1897DAC500366913 /* FindMe-Prefix.pch */,
			);
			name = "Supporting Files";
			sourceTree = "<group>";
		};
		E05EEA181897DAC600366913 /* FindMeTests */ = {
			isa = PBXGroup;
			children = (
				E05EEA1E1897DAC600366913 /* FindMeTests.m */,
				E05EEA191897DAC600366913 /* Supporting Files */,
			);
			path = FindMeTests;
			sourceTree = "<group>";
		};
		E05EEA191897DAC600366913 /* Supporting Files */ = {
			isa = PBXGroup;
			children = (
				E05EEA1A1897DAC600366913 /* FindMeTests-Info.plist */,
				E05EEA1B1897DAC600366913 /* InfoPlist.strings */,
			);
			name = "Supporting Files";
			sourceTree = "<group>";
		};
		E05EEA281897DB0C00366913 /* Model */ = {
			isa = PBXGroup;
			children = (
				E05EEA2B1897DD2F00366913 /* MHJBeacon.h */,
				E05EEA2C1897DD2F00366913 /* MHJBeacon.m */,
			);
			name = Model;
			sourceTree = "<group>";
		};
		E05EEA291897DB1300366913 /* Controller */ = {
			isa = PBXGroup;
			children = (
				E0D266131897F9F800953CC5 /* Cop */,
				E0D266141897FA0200953CC5 /* Robber */,
				E0D2661C1897FEB900953CC5 /* Beacons */,
				E0D2661D1897FEEB00953CC5 /* MHJMainVC.h */,
				E0D2661E1897FEEB00953CC5 /* MHJMainVC.m */,
			);
			name = Controller;
			sourceTree = "<group>";
		};
		E05EEA2A1897DB2300366913 /* View */ = {
			isa = PBXGroup;
			children = (
				E0D266181897FA8B00953CC5 /* Cells */,
				E05EEA021897DAC500366913 /* Main_iPhone.storyboard */,
				E05EEA051897DAC500366913 /* Main_iPad.storyboard */,
			);
			name = View;
			sourceTree = "<group>";
		};
		E05EEA2E1897DFEC00366913 /* App */ = {
			isa = PBXGroup;
			children = (
				E05EE9FF1897DAC500366913 /* MHJAppDelegate.h */,
				E05EEA001897DAC500366913 /* MHJAppDelegate.m */,
			);
			name = App;
			sourceTree = "<group>";
		};
		E0BE0769189840DE004D7335 /* Images */ = {
			isa = PBXGroup;
			children = (
				E05620CD18A15BAC008C94B0 /* radar.png */,
				E05620CE18A15BAC008C94B0 /* bag.png */,
				E0CEE722189FFC2100F430FD /* cop.png */,
				E0CEE723189FFC2100F430FD /* bag 1.png */,
				E0CEE724189FFC2100F430FD /* cop@2x.png */,
				E0BE076A189840EF004D7335 /* iPhone.png */,
			);
			name = Images;
			sourceTree = "<group>";
		};
		E0D266131897F9F800953CC5 /* Cop */ = {
			isa = PBXGroup;
			children = (
				E0D266151897FA7300953CC5 /* MHJCopRadarVC.h */,
				E0D266161897FA7300953CC5 /* MHJCopRadarVC.m */,
			);
			name = Cop;
			sourceTree = "<group>";
		};
		E0D266141897FA0200953CC5 /* Robber */ = {
			isa = PBXGroup;
			children = (
				E0BE076418982167004D7335 /* MHJRobberVC.h */,
				E0BE076518982167004D7335 /* MHJRobberVC.m */,
			);
			name = Robber;
			sourceTree = "<group>";
		};
		E0D266181897FA8B00953CC5 /* Cells */ = {
			isa = PBXGroup;
			children = (
				E0D266191897FAC900953CC5 /* MHJBeaconCell.h */,
				E0D2661A1897FAC900953CC5 /* MHJBeaconCell.m */,
			);
			name = Cells;
			sourceTree = "<group>";
		};
		E0D2661C1897FEB900953CC5 /* Beacons */ = {
			isa = PBXGroup;
			children = (
				E05EEA2F1897E16400366913 /* MHJBeaconFinderVC.h */,
				E05EEA301897E16400366913 /* MHJBeaconFinderVC.m */,
			);
			name = Beacons;
			sourceTree = "<group>";
		};
/* End PBXGroup section */

/* Begin PBXNativeTarget section */
		E05EE9EC1897DAC500366913 /* FindMe */ = {
			isa = PBXNativeTarget;
			buildConfigurationList = E05EEA221897DAC600366913 /* Build configuration list for PBXNativeTarget "FindMe" */;
			buildPhases = (
				E05EE9E91897DAC500366913 /* Sources */,
				E05EE9EA1897DAC500366913 /* Frameworks */,
				E05EE9EB1897DAC500366913 /* Resources */,
			);
			buildRules = (
			);
			dependencies = (
			);
			name = FindMe;
			productName = FindMe;
			productReference = E05EE9ED1897DAC500366913 /* FindMe.app */;
			productType = "com.apple.product-type.application";
		};
		E05EEA101897DAC500366913 /* FindMeTests */ = {
			isa = PBXNativeTarget;
			buildConfigurationList = E05EEA251897DAC600366913 /* Build configuration list for PBXNativeTarget "FindMeTests" */;
			buildPhases = (
				E05EEA0D1897DAC500366913 /* Sources */,
				E05EEA0E1897DAC500366913 /* Frameworks */,
				E05EEA0F1897DAC500366913 /* Resources */,
			);
			buildRules = (
			);
			dependencies = (
				E05EEA171897DAC600366913 /* PBXTargetDependency */,
			);
			name = FindMeTests;
			productName = FindMeTests;
			productReference = E05EEA111897DAC500366913 /* FindMeTests.xctest */;
			productType = "com.apple.product-type.bundle.unit-test";
		};
/* End PBXNativeTarget section */

/* Begin PBXProject section */
		E05EE9E51897DAC500366913 /* Project object */ = {
			isa = PBXProject;
			attributes = {
				CLASSPREFIX = MHJ;
				LastUpgradeCheck = 0510;
				ORGANIZATIONNAME = mhj;
				TargetAttributes = {
					E05EEA101897DAC500366913 = {
						TestTargetID = E05EE9EC1897DAC500366913;
					};
				};
			};
			buildConfigurationList = E05EE9E81897DAC500366913 /* Build configuration list for PBXProject "FindMe" */;
			compatibilityVersion = "Xcode 3.2";
			developmentRegion = English;
			hasScannedForEncodings = 0;
			knownRegions = (
				en,
				Base,
			);
			mainGroup = E05EE9E41897DAC500366913;
			productRefGroup = E05EE9EE1897DAC500366913 /* Products */;
			projectDirPath = "";
			projectRoot = "";
			targets = (
				E05EE9EC1897DAC500366913 /* FindMe */,
				E05EEA101897DAC500366913 /* FindMeTests */,
			);
		};
/* End PBXProject section */

/* Begin PBXResourcesBuildPhase section */
		E05EE9EB1897DAC500366913 /* Resources */ = {
			isa = PBXResourcesBuildPhase;
			buildActionMask = 2147483647;
			files = (
				E05620D018A15BAC008C94B0 /* bag.png in Resources */,
				E05620CF18A15BAC008C94B0 /* radar.png in Resources */,
				E0CEE727189FFC2100F430FD /* bag 1.png in Resources */,
				E05EEA071897DAC500366913 /* Main_iPad.storyboard in Resources */,
				E05EEA041897DAC500366913 /* Main_iPhone.storyboard in Resources */,
				E05EE9FB1897DAC500366913 /* InfoPlist.strings in Resources */,
				E05620D318A15D50008C94B0 /* splash35.png in Resources */,
				E0CEE726189FFC2100F430FD /* cop.png in Resources */,
				E0BE076D189856AE004D7335 /* Media.xcassets in Resources */,
				E0BE076B189840EF004D7335 /* iPhone.png in Resources */,
				E0BE076F1898581A004D7335 /* Default-568h@2x.png in Resources */,
				E05620D618A15DC9008C94B0 /* splash4.png in Resources */,
				E0CEE728189FFC2100F430FD /* cop@2x.png in Resources */,
			);
			runOnlyForDeploymentPostprocessing = 0;
		};
		E05EEA0F1897DAC500366913 /* Resources */ = {
			isa = PBXResourcesBuildPhase;
			buildActionMask = 2147483647;
			files = (
				E05EEA1D1897DAC600366913 /* InfoPlist.strings in Resources */,
			);
			runOnlyForDeploymentPostprocessing = 0;
		};
/* End PBXResourcesBuildPhase section */

/* Begin PBXSourcesBuildPhase section */
		E05EE9E91897DAC500366913 /* Sources */ = {
			isa = PBXSourcesBuildPhase;
			buildActionMask = 2147483647;
			files = (
				E05EEA011897DAC500366913 /* MHJAppDelegate.m in Sources */,
				E0D266171897FA7300953CC5 /* MHJCopRadarVC.m in Sources */,
				E0D2661F1897FEEB00953CC5 /* MHJMainVC.m in Sources */,
				E05EEA2D1897DD2F00366913 /* MHJBeacon.m in Sources */,
				E0BE076618982167004D7335 /* MHJRobberVC.m in Sources */,
				E0D2661B1897FAC900953CC5 /* MHJBeaconCell.m in Sources */,
				E05EEA311897E16400366913 /* MHJBeaconFinderVC.m in Sources */,
				E05EE9FD1897DAC500366913 /* main.m in Sources */,
			);
			runOnlyForDeploymentPostprocessing = 0;
		};
		E05EEA0D1897DAC500366913 /* Sources */ = {
			isa = PBXSourcesBuildPhase;
			buildActionMask = 2147483647;
			files = (
				E05EEA1F1897DAC600366913 /* FindMeTests.m in Sources */,
			);
			runOnlyForDeploymentPostprocessing = 0;
		};
/* End PBXSourcesBuildPhase section */

/* Begin PBXTargetDependency section */
		E05EEA171897DAC600366913 /* PBXTargetDependency */ = {
			isa = PBXTargetDependency;
			target = E05EE9EC1897DAC500366913 /* FindMe */;
			targetProxy = E05EEA161897DAC600366913 /* PBXContainerItemProxy */;
		};
/* End PBXTargetDependency section */

/* Begin PBXVariantGroup section */
		E05EE9F91897DAC500366913 /* InfoPlist.strings */ = {
			isa = PBXVariantGroup;
			children = (
				E05EE9FA1897DAC500366913 /* en */,
			);
			name = InfoPlist.strings;
			sourceTree = "<group>";
		};
		E05EEA021897DAC500366913 /* Main_iPhone.storyboard */ = {
			isa = PBXVariantGroup;
			children = (
				E05EEA031897DAC500366913 /* Base */,
			);
			name = Main_iPhone.storyboard;
			sourceTree = "<group>";
		};
		E05EEA051897DAC500366913 /* Main_iPad.storyboard */ = {
			isa = PBXVariantGroup;
			children = (
				E05EEA061897DAC500366913 /* Base */,
			);
			name = Main_iPad.storyboard;
			sourceTree = "<group>";
		};
		E05EEA1B1897DAC600366913 /* InfoPlist.strings */ = {
			isa = PBXVariantGroup;
			children = (
				E05EEA1C1897DAC600366913 /* en */,
			);
			name = InfoPlist.strings;
			sourceTree = "<group>";
		};
/* End PBXVariantGroup section */

/* Begin XCBuildConfiguration section */
		E05EEA201897DAC600366913 /* Debug */ = {
			isa = XCBuildConfiguration;
			buildSettings = {
				ALWAYS_SEARCH_USER_PATHS = NO;
				CLANG_CXX_LANGUAGE_STANDARD = "gnu++0x";
				CLANG_CXX_LIBRARY = "libc++";
				CLANG_ENABLE_MODULES = YES;
				CLANG_ENABLE_OBJC_ARC = YES;
				CLANG_WARN_BOOL_CONVERSION = YES;
				CLANG_WARN_CONSTANT_CONVERSION = YES;
				CLANG_WARN_DIRECT_OBJC_ISA_USAGE = YES_ERROR;
				CLANG_WARN_EMPTY_BODY = YES;
				CLANG_WARN_ENUM_CONVERSION = YES;
				CLANG_WARN_INT_CONVERSION = YES;
				CLANG_WARN_OBJC_ROOT_CLASS = YES_ERROR;
				CLANG_WARN__DUPLICATE_METHOD_MATCH = YES;
				"CODE_SIGN_IDENTITY[sdk=iphoneos*]" = "iPhone Developer";
				COPY_PHASE_STRIP = NO;
				GCC_C_LANGUAGE_STANDARD = gnu99;
				GCC_DYNAMIC_NO_PIC = NO;
				GCC_OPTIMIZATION_LEVEL = 0;
				GCC_PREPROCESSOR_DEFINITIONS = (
					"DEBUG=1",
					"$(inherited)",
				);
				GCC_SYMBOLS_PRIVATE_EXTERN = NO;
				GCC_WARN_64_TO_32_BIT_CONVERSION = YES;
				GCC_WARN_ABOUT_RETURN_TYPE = YES_ERROR;
				GCC_WARN_UNDECLARED_SELECTOR = YES;
				GCC_WARN_UNINITIALIZED_AUTOS = YES;
				GCC_WARN_UNUSED_FUNCTION = YES;
				GCC_WARN_UNUSED_VARIABLE = YES;
				IPHONEOS_DEPLOYMENT_TARGET = 7.0;
				ONLY_ACTIVE_ARCH = YES;
				SDKROOT = iphoneos;
				TARGETED_DEVICE_FAMILY = "1,2";
			};
			name = Debug;
		};
		E05EEA211897DAC600366913 /* Release */ = {
			isa = XCBuildConfiguration;
			buildSettings = {
				ALWAYS_SEARCH_USER_PATHS = NO;
				CLANG_CXX_LANGUAGE_STANDARD = "gnu++0x";
				CLANG_CXX_LIBRARY = "libc++";
				CLANG_ENABLE_MODULES = YES;
				CLANG_ENABLE_OBJC_ARC = YES;
				CLANG_WARN_BOOL_CONVERSION = YES;
				CLANG_WARN_CONSTANT_CONVERSION = YES;
				CLANG_WARN_DIRECT_OBJC_ISA_USAGE = YES_ERROR;
				CLANG_WARN_EMPTY_BODY = YES;
				CLANG_WARN_ENUM_CONVERSION = YES;
				CLANG_WARN_INT_CONVERSION = YES;
				CLANG_WARN_OBJC_ROOT_CLASS = YES_ERROR;
				CLANG_WARN__DUPLICATE_METHOD_MATCH = YES;
				"CODE_SIGN_IDENTITY[sdk=iphoneos*]" = "iPhone Developer";
				COPY_PHASE_STRIP = YES;
				ENABLE_NS_ASSERTIONS = NO;
				GCC_C_LANGUAGE_STANDARD = gnu99;
				GCC_WARN_64_TO_32_BIT_CONVERSION = YES;
				GCC_WARN_ABOUT_RETURN_TYPE = YES_ERROR;
				GCC_WARN_UNDECLARED_SELECTOR = YES;
				GCC_WARN_UNINITIALIZED_AUTOS = YES;
				GCC_WARN_UNUSED_FUNCTION = YES;
				GCC_WARN_UNUSED_VARIABLE = YES;
				IPHONEOS_DEPLOYMENT_TARGET = 7.0;
				SDKROOT = iphoneos;
				TARGETED_DEVICE_FAMILY = "1,2";
				VALIDATE_PRODUCT = YES;
			};
			name = Release;
		};
		E05EEA231897DAC600366913 /* Debug */ = {
			isa = XCBuildConfiguration;
			buildSettings = {
				ASSETCATALOG_COMPILER_APPICON_NAME = AppIcon;
				ASSETCATALOG_COMPILER_LAUNCHIMAGE_NAME = LaunchImage;
				GCC_PRECOMPILE_PREFIX_HEADER = YES;
				GCC_PREFIX_HEADER = "FindMe/FindMe-Prefix.pch";
				INFOPLIST_FILE = "FindMe/FindMe-Info.plist";
				PRODUCT_NAME = "$(TARGET_NAME)";
				WRAPPER_EXTENSION = app;
			};
			name = Debug;
		};
		E05EEA241897DAC600366913 /* Release */ = {
			isa = XCBuildConfiguration;
			buildSettings = {
				ASSETCATALOG_COMPILER_APPICON_NAME = AppIcon;
				ASSETCATALOG_COMPILER_LAUNCHIMAGE_NAME = LaunchImage;
				GCC_PRECOMPILE_PREFIX_HEADER = YES;
				GCC_PREFIX_HEADER = "FindMe/FindMe-Prefix.pch";
				INFOPLIST_FILE = "FindMe/FindMe-Info.plist";
				PRODUCT_NAME = "$(TARGET_NAME)";
				WRAPPER_EXTENSION = app;
			};
			name = Release;
		};
		E05EEA261897DAC600366913 /* Debug */ = {
			isa = XCBuildConfiguration;
			buildSettings = {
				BUNDLE_LOADER = "$(BUILT_PRODUCTS_DIR)/FindMe.app/FindMe";
				FRAMEWORK_SEARCH_PATHS = (
					"$(SDKROOT)/Developer/Library/Frameworks",
					"$(inherited)",
					"$(DEVELOPER_FRAMEWORKS_DIR)",
				);
				GCC_PRECOMPILE_PREFIX_HEADER = YES;
				GCC_PREFIX_HEADER = "FindMe/FindMe-Prefix.pch";
				GCC_PREPROCESSOR_DEFINITIONS = (
					"DEBUG=1",
					"$(inherited)",
				);
				INFOPLIST_FILE = "FindMeTests/FindMeTests-Info.plist";
				PRODUCT_NAME = "$(TARGET_NAME)";
				TEST_HOST = "$(BUNDLE_LOADER)";
				WRAPPER_EXTENSION = xctest;
			};
			name = Debug;
		};
		E05EEA271897DAC600366913 /* Release */ = {
			isa = XCBuildConfiguration;
			buildSettings = {
				BUNDLE_LOADER = "$(BUILT_PRODUCTS_DIR)/FindMe.app/FindMe";
				FRAMEWORK_SEARCH_PATHS = (
					"$(SDKROOT)/Developer/Library/Frameworks",
					"$(inherited)",
					"$(DEVELOPER_FRAMEWORKS_DIR)",
				);
				GCC_PRECOMPILE_PREFIX_HEADER = YES;
				GCC_PREFIX_HEADER = "FindMe/FindMe-Prefix.pch";
				INFOPLIST_FILE = "FindMeTests/FindMeTests-Info.plist";
				PRODUCT_NAME = "$(TARGET_NAME)";
				TEST_HOST = "$(BUNDLE_LOADER)";
				WRAPPER_EXTENSION = xctest;
			};
			name = Release;
		};
/* End XCBuildConfiguration section */

/* Begin XCConfigurationList section */
		E05EE9E81897DAC500366913 /* Build configuration list for PBXProject "FindMe" */ = {
			isa = XCConfigurationList;
			buildConfigurations = (
				E05EEA201897DAC600366913 /* Debug */,
				E05EEA211897DAC600366913 /* Release */,
			);
			defaultConfigurationIsVisible = 0;
			defaultConfigurationName = Release;
		};
		E05EEA221897DAC600366913 /* Build configuration list for PBXNativeTarget "FindMe" */ = {
			isa = XCConfigurationList;
			buildConfigurations = (
				E05EEA231897DAC600366913 /* Debug */,
				E05EEA241897DAC600366913 /* Release */,
			);
			defaultConfigurationIsVisible = 0;
			defaultConfigurationName = Release;
		};
		E05EEA251897DAC600366913 /* Build configuration list for PBXNativeTarget "FindMeTests" */ = {
			isa = XCConfigurationList;
			buildConfigurations = (
				E05EEA261897DAC600366913 /* Debug */,
				E05EEA271897DAC600366913 /* Release */,
			);
			defaultConfigurationIsVisible = 0;
			defaultConfigurationName = Release;
		};
/* End XCConfigurationList section */
	};
	rootObject = E05EE9E51897DAC500366913 /* Project object */;
}
